{"name":"@erc-chart/delivery-governance","version":"0.0.0","lockfileVersion":1,"requires":true,"dependencies":{"@nodelib/fs.scandir":{"version":"2.1.5","requires":{"@nodelib/fs.stat":"2.0.5","run-parallel":"^1.1.9"}},"@nodelib/fs.stat":{"version":"2.0.5"},"@nodelib/fs.walk":{"version":"1.2.8","requires":{"@nodelib/fs.scandir":"2.1.5","fastq":"^1.6.0"}},"@sindresorhus/merge-streams":{"version":"4.0.0"},"@types/debug":{"version":"4.1.13","requires":{"@types/ms":"*"}},"@types/katex":{"version":"0.16.8"},"@types/ms":{"version":"2.1.0"},"@types/unist":{"version":"2.0.11"},"ajv":{"version":"8.20.0","requires":{"fast-deep-equal":"^3.1.3","fast-uri":"^3.0.1","json-schema-traverse":"^1.0.0","require-from-string":"^2.0.2"}},"ansi-regex":{"version":"6.2.2"},"argparse":{"version":"2.0.1"},"braces":{"version":"3.0.3","requires":{"fill-range":"^7.1.1"}},"character-entities":{"version":"2.0.2"},"character-entities-legacy":{"version":"3.0.0"},"character-reference-invalid":{"version":"2.0.1"},"commander":{"version":"8.3.0"},"debug":{"version":"4.4.3","requires":{"ms":"^2.1.3"}},"decode-named-character-reference":{"version":"1.3.0","requires":{"character-entities":"^2.0.0"}},"dequal":{"version":"2.0.3"},"devlop":{"version":"1.1.0","requires":{"dequal":"^2.0.0"}},"entities":{"version":"4.5.0"},"fast-deep-equal":{"version":"3.1.3"},"fast-glob":{"version":"3.3.3","requires":{"@nodelib/fs.stat":"^2.0.2","@nodelib/fs.walk":"^1.2.3","glob-parent":"^5.1.2","merge2":"^1.3.0","micromatch":"^4.0.8"}},"fast-uri":{"version":"3.1.4"},"fastq":{"version":"1.20.1","requires":{"reusify":"^1.0.4"}},"fill-range":{"version":"7.1.1","requires":{"to-regex-range":"^5.0.1"}},"get-east-asian-width":{"version":"1.6.0"},"glob-parent":{"version":"5.1.2","requires":{"is-glob":"^4.0.1"}},"globby":{"version":"16.2.2","requires":{"@sindresorhus/merge-streams":"^4.0.0","fast-glob":"^3.3.3","ignore":"^7.0.5","is-path-inside":"^4.0.0","slash":"^5.1.0","unicorn-magic":"^0.4.0"}},"ignore":{"version":"7.0.6"},"is-alphabetical":{"version":"2.0.1"},"is-alphanumerical":{"version":"2.0.1","requires":{"is-alphabetical":"^2.0.0","is-decimal":"^2.0.0"}},"is-decimal":{"version":"2.0.1"},"is-extglob":{"version":"2.1.1"},"is-glob":{"version":"4.0.3","requires":{"is-extglob":"^2.1.1"}},"is-hexadecimal":{"version":"2.0.1"},"is-number":{"version":"7.0.0"},"is-path-inside":{"version":"4.0.0"},"js-yaml":{"version":"5.2.2","requires":{"argparse":"^2.0.1"}},"json-schema-traverse":{"version":"1.0.0"},"jsonc-parser":{"version":"3.3.1"},"jsonpointer":{"version":"5.0.1"},"katex":{"version":"0.16.47","requires":{"commander":"^8.3.0"}},"linkify-it":{"version":"5.0.2","requires":{"uc.micro":"^2.0.0"}},"markdown-it":{"version":"14.3.0","requires":{"argparse":"^2.0.1","entities":"^4.5.0","linkify-it":"^5.0.2","mdurl":"^2.0.0","punycode.js":"^2.3.1","uc.micro":"^2.1.0"}},"markdownlint":{"version":"0.41.1","requires":{"micromark":"4.0.2","micromark-core-commonmark":"2.0.3","micromark-extension-directive":"4.0.0","micromark-extension-gfm-autolink-literal":"2.1.0","micromark-extension-gfm-footnote":"2.1.0","micromark-extension-gfm-table":"2.1.1","micromark-extension-math":"3.1.0","micromark-util-types":"2.0.2","string-width":"8.2.1"}},"markdownlint-cli2":{"version":"0.23.2","requires":{"globby":"16.2.2","js-yaml":"5.2.2","jsonc-parser":"3.3.1","jsonpointer":"5.0.1","markdown-it":"14.3.0","markdownlint":"0.41.1","markdownlint-cli2-formatter-default":"0.0.6","micromatch":"4.0.8","smol-toml":"1.7.0"},"dependencies":{"smol-toml":{"version":"1.7.0"}}},"markdownlint-cli2-formatter-default":{"version":"0.0.6","requires":{}},"mdurl":{"version":"2.1.0"},"merge2":{"version":"1.4.1"},"micromark":{"version":"4.0.2","requires":{"@types/debug":"^4.0.0","debug":"^4.0.0","decode-named-character-reference":"^1.0.0","devlop":"^1.0.0","micromark-core-commonmark":"^2.0.0","micromark-factory-space":"^2.0.0","micromark-util-character":"^2.0.0","micromark-util-chunked":"^2.0.0","micromark-util-combine-extensions":"^2.0.0","micromark-util-decode-numeric-character-reference":"^2.0.0","micromark-util-encode":"^2.0.0","micromark-util-normalize-identifier":"^2.0.0","micromark-util-resolve-all":"^2.0.0","micromark-util-sanitize-uri":"^2.0.0","micromark-util-subtokenize":"^2.0.0","micromark-util-symbol":"^2.0.0","micromark-util-types":"^2.0.0"}},"micromark-core-commonmark":{"version":"2.0.3","requires":{"decode-named-character-reference":"^1.0.0","devlop":"^1.0.0","micromark-factory-destination":"^2.0.0","micromark-factory-label":"^2.0.0","micromark-factory-space":"^2.0.0","micromark-factory-title":"^2.0.0","micromark-factory-whitespace":"^2.0.0","micromark-util-character":"^2.0.0","micromark-util-chunked":"^2.0.0","micromark-util-classify-character":"^2.0.0","micromark-util-html-tag-name":"^2.0.0","micromark-util-normalize-identifier":"^2.0.0","micromark-util-resolve-all":"^2.0.0","micromark-util-subtokenize":"^2.0.0","micromark-util-symbol":"^2.0.0","micromark-util-types":"^2.0.0"}},"micromark-extension-directive":{"version":"4.0.0","requires":{"devlop":"^1.0.0","micromark-factory-space":"^2.0.0","micromark-factory-whitespace":"^2.0.0","micromark-util-character":"^2.0.0","micromark-util-symbol":"^2.0.0","micromark-util-types":"^2.0.0","parse-entities":"^4.0.0"}},"micromark-extension-gfm-autolink-literal":{"version":"2.1.0","requires":{"micromark-util-character":"^2.0.0","micromark-util-sanitize-uri":"^2.0.0","micromark-util-symbol":"^2.0.0","micromark-util-types":"^2.0.0"}},"micromark-extension-gfm-footnote":{"version":"2.1.0","requires":{"devlop":"^1.0.0","micromark-core-commonmark":"^2.0.0","micromark-factory-space":"^2.0.0","micromark-util-character":"^2.0.0","micromark-util-normalize-identifier":"^2.0.0","micromark-util-sanitize-uri":"^2.0.0","micromark-util-symbol":"^2.0.0","micromark-util-types":"^2.0.0"}},"micromark-extension-gfm-table":{"version":"2.1.1","requires":{"devlop":"^1.0.0","micromark-factory-space":"^2.0.0","micromark-util-character":"^2.0.0","micromark-util-symbol":"^2.0.0","micromark-util-types":"^2.0.0"}},"micromark-extension-math":{"version":"3.1.0","requires":{"@types/katex":"^0.16.0","devlop":"^1.0.0","katex":"^0.16.0","micromark-factory-space":"^2.0.0","micromark-util-character":"^2.0.0","micromark-util-symbol":"^2.0.0","micromark-util-types":"^2.0.0"}},"micromark-factory-destination":{"version":"2.0.1","requires":{"micromark-util-character":"^2.0.0","micromark-util-symbol":"^2.0.0","micromark-util-types":"^2.0.0"}},"micromark-factory-label":{"version":"2.0.1","requires":{"devlop":"^1.0.0","micromark-util-character":"^2.0.0","micromark-util-symbol":"^2.0.0","micromark-util-types":"^2.0.0"}},"micromark-factory-space":{"version":"2.0.1","requires":{"micromark-util-character":"^2.0.0","micromark-util-types":"^2.0.0"}},"micromark-factory-title":{"version":"2.0.1","requires":{"micromark-factory-space":"^2.0.0","micromark-util-character":"^2.0.0","micromark-util-symbol":"^2.0.0","micromark-util-types":"^2.0.0"}},"micromark-factory-whitespace":{"version":"2.0.1","requires":{"micromark-factory-space":"^2.0.0","micromark-util-character":"^2.0.0","micromark-util-symbol":"^2.0.0","micromark-util-types":"^2.0.0"}},"micromark-util-character":{"version":"2.1.1","requires":{"micromark-util-symbol":"^2.0.0","micromark-util-types":"^2.0.0"}},"micromark-util-chunked":{"version":"2.0.1","requires":{"micromark-util-symbol":"^2.0.0"}},"micromark-util-classify-character":{"version":"2.0.1","requires":{"micromark-util-character":"^2.0.0","micromark-util-symbol":"^2.0.0","micromark-util-types":"^2.0.0"}},"micromark-util-combine-extensions":{"version":"2.0.1","requires":{"micromark-util-chunked":"^2.0.0","micromark-util-types":"^2.0.0"}},"micromark-util-decode-numeric-character-reference":{"version":"2.0.2","requires":{"micromark-util-symbol":"^2.0.0"}},"micromark-util-encode":{"version":"2.0.1"},"micromark-util-html-tag-name":{"version":"2.0.1"},"micromark-util-normalize-identifier":{"version":"2.0.1","requires":{"micromark-util-symbol":"^2.0.0"}},"micromark-util-resolve-all":{"version":"2.0.1","requires":{"micromark-util-types":"^2.0.0"}},"micromark-util-sanitize-uri":{"version":"2.0.1","requires":{"micromark-util-character":"^2.0.0","micromark-util-encode":"^2.0.0","micromark-util-symbol":"^2.0.0"}},"micromark-util-subtokenize":{"version":"2.1.0","requires":{"devlop":"^1.0.0","micromark-util-chunked":"^2.0.0","micromark-util-symbol":"^2.0.0","micromark-util-types":"^2.0.0"}},"micromark-util-symbol":{"version":"2.0.1"},"micromark-util-types":{"version":"2.0.2"},"micromatch":{"version":"4.0.8","requires":{"braces":"^3.0.3","picomatch":"^2.3.1"}},"ms":{"version":"2.1.3"},"parse-entities":{"version":"4.0.2","requires":{"@types/unist":"^2.0.0","character-entities-legacy":"^3.0.0","character-reference-invalid":"^2.0.0","decode-named-character-reference":"^1.0.0","is-alphanumerical":"^2.0.0","is-decimal":"^2.0.0","is-hexadecimal":"^2.0.0"}},"picomatch":{"version":"2.3.2"},"punycode.js":{"version":"2.3.1"},"queue-microtask":{"version":"1.2.3"},"require-from-string":{"version":"2.0.2"},"reusify":{"version":"1.1.0"},"run-parallel":{"version":"1.2.0","requires":{"queue-microtask":"^1.2.2"}},"slash":{"version":"5.1.0"},"smol-toml":{"version":"1.7.1"},"string-width":{"version":"8.2.1","requires":{"get-east-asian-width":"^1.5.0","strip-ansi":"^7.1.2"}},"strip-ansi":{"version":"7.2.0","requires":{"ansi-regex":"^6.2.2"}},"to-regex-range":{"version":"5.0.1","requires":{"is-number":"^7.0.0"}},"uc.micro":{"version":"2.1.0"},"unicorn-magic":{"version":"0.4.0"},"yaml":{"version":"2.9.0"}}}